
Microsoft Visual Studio Solution File, Format Version 12.00
# Visual Studio Version 16
VisualStudioVersion = 16.0.28803.202
MinimumVisualStudioVersion = 10.0.40219.1
Project("{9A19103F-16F7-4668-BE54-9A1E7A4F7556}") = "Slask.API", "Slask.API\Slask.API.csproj", "{7775B8D5-3876-4658-AF85-8B56F67BE02E}"
EndProject
Project("{9A19103F-16F7-4668-BE54-9A1E7A4F7556}") = "Slask.Web", "Slask.Web\Slask.Web.csproj", "{3E36CADB-4117-4330-ABE6-46F529462405}"
EndProject
Project("{9A19103F-16F7-4668-BE54-9A1E7A4F7556}") = "Slask.Domain", "Slask.Domain\Slask.Domain.csproj", "{1539F032-4F1D-4B63-B5BA-036B488808CC}"
EndProject
Project("{9A19103F-16F7-4668-BE54-9A1E7A4F7556}") = "Slask.Persistance", "Slask.Persistance\Slask.Persistance.csproj", "{4F5FCED4-5D7C-42EE-BF6E-3460F752D4BE}"
EndProject
Project("{9A19103F-16F7-4668-BE54-9A1E7A4F7556}") = "Slask.Application", "Slask.Application\Slask.Application.csproj", "{75AA3CE2-82F5-4FD3-A259-399BE230E57E}"
EndProject
Project("{9A19103F-16F7-4668-BE54-9A1E7A4F7556}") = "DBLogger.Domain", "DBLogger.Domain\DBLogger.Domain.csproj", "{4A615F22-9D58-4232-A56B-DEEA0D7E5A0D}"
EndProject
Project("{9A19103F-16F7-4668-BE54-9A1E7A4F7556}") = "DBLogger.Persistance", "DBLogger.Persistance\DBLogger.Persistance.csproj", "{0BD006BC-34BC-43EF-BD53-FBB2068A2C97}"
	ProjectSection(ProjectDependencies) = postProject
		{4A615F22-9D58-4232-A56B-DEEA0D7E5A0D} = {4A615F22-9D58-4232-A56B-DEEA0D7E5A0D}
	EndProjectSection
EndProject
Global
	GlobalSection(SolutionConfigurationPlatforms) = preSolution
		Debug|Any CPU = Debug|Any CPU
		Release|Any CPU = Release|Any CPU
	EndGlobalSection
	GlobalSection(ProjectConfigurationPlatforms) = postSolution
		{7775B8D5-3876-4658-AF85-8B56F67BE02E}.Debug|Any CPU.ActiveCfg = Debug|Any CPU
		{7775B8D5-3876-4658-AF85-8B56F67BE02E}.Debug|Any CPU.Build.0 = Debug|Any CPU
		{7775B8D5-3876-4658-AF85-8B56F67BE02E}.Release|Any CPU.ActiveCfg = Release|Any CPU
		{7775B8D5-3876-4658-AF85-8B56F67BE02E}.Release|Any CPU.Build.0 = Release|Any CPU
		{3E36CADB-4117-4330-ABE6-46F529462405}.Debug|Any CPU.ActiveCfg = Debug|Any CPU
		{3E36CADB-4117-4330-ABE6-46F529462405}.Debug|Any CPU.Build.0 = Debug|Any CPU
		{3E36CADB-4117-4330-ABE6-46F529462405}.Release|Any CPU.ActiveCfg = Release|Any CPU
		{3E36CADB-4117-4330-ABE6-46F529462405}.Release|Any CPU.Build.0 = Release|Any CPU
		{1539F032-4F1D-4B63-B5BA-036B488808CC}.Debug|Any CPU.ActiveCfg = Debug|Any CPU
		{1539F032-4F1D-4B63-B5BA-036B488808CC}.Debug|Any CPU.Build.0 = Debug|Any CPU
		{1539F032-4F1D-4B63-B5BA-036B488808CC}.Release|Any CPU.ActiveCfg = Release|Any CPU
		{1539F032-4F1D-4B63-B5BA-036B488808CC}.Release|Any CPU.Build.0 = Release|Any CPU
		{4F5FCED4-5D7C-42EE-BF6E-3460F752D4BE}.Debug|Any CPU.ActiveCfg = Debug|Any CPU
		{4F5FCED4-5D7C-42EE-BF6E-3460F752D4BE}.Debug|Any CPU.Build.0 = Debug|Any CPU
		{4F5FCED4-5D7C-42EE-BF6E-3460F752D4BE}.Release|Any CPU.ActiveCfg = Release|Any CPU
		{4F5FCED4-5D7C-42EE-BF6E-3460F752D4BE}.Release|Any CPU.Build.0 = Release|Any CPU
		{75AA3CE2-82F5-4FD3-A259-399BE230E57E}.Debug|Any CPU.ActiveCfg = Debug|Any CPU
		{75AA3CE2-82F5-4FD3-A259-399BE230E57E}.Debug|Any CPU.Build.0 = Debug|Any CPU
		{75AA3CE2-82F5-4FD3-A259-399BE230E57E}.Release|Any CPU.ActiveCfg = Release|Any CPU
		{75AA3CE2-82F5-4FD3-A259-399BE230E57E}.Release|Any CPU.Build.0 = Release|Any CPU
		{4A615F22-9D58-4232-A56B-DEEA0D7E5A0D}.Debug|Any CPU.ActiveCfg = Debug|Any CPU
		{4A615F22-9D58-4232-A56B-DEEA0D7E5A0D}.Debug|Any CPU.Build.0 = Debug|Any CPU
		{4A615F22-9D58-4232-A56B-DEEA0D7E5A0D}.Release|Any CPU.ActiveCfg = Release|Any CPU
		{4A615F22-9D58-4232-A56B-DEEA0D7E5A0D}.Release|Any CPU.Build.0 = Release|Any CPU
		{0BD006BC-34BC-43EF-BD53-FBB2068A2C97}.Debug|Any CPU.ActiveCfg = Debug|Any CPU
		{0BD006BC-34BC-43EF-BD53-FBB2068A2C97}.Debug|Any CPU.Build.0 = Debug|Any CPU
		{0BD006BC-34BC-43EF-BD53-FBB2068A2C97}.Release|Any CPU.ActiveCfg = Release|Any CPU
		{0BD006BC-34BC-43EF-BD53-FBB2068A2C97}.Release|Any CPU.Build.0 = Release|Any CPU
	EndGlobalSection
	GlobalSection(SolutionProperties) = preSolution
		HideSolutionNode = FALSE
	EndGlobalSection
	GlobalSection(ExtensibilityGlobals) = postSolution
		SolutionGuid = {A4CE8064-6B35-47D4-963D-EDE442BE3BDB}
	EndGlobalSection
EndGlobal
