
Microsoft Visual Studio Solution File, Format Version 12.00
# Visual Studio Version 16
VisualStudioVersion = 16.0.28803.202
MinimumVisualStudioVersion = 10.0.40219.1
Project("{9A19103F-16F7-4668-BE54-9A1E7A4F7556}") = "Slask.API", "Slask.API\Slask.API.csproj", "{7775B8D5-3876-4658-AF85-8B56F67BE02E}"
EndProject
Project("{9A19103F-16F7-4668-BE54-9A1E7A4F7556}") = "Slask.Domain", "Slask.Domain\Slask.Domain.csproj", "{1539F032-4F1D-4B63-B5BA-036B488808CC}"
EndProject
Project("{9A19103F-16F7-4668-BE54-9A1E7A4F7556}") = "Slask.Application", "Slask.Application\Slask.Application.csproj", "{75AA3CE2-82F5-4FD3-A259-399BE230E57E}"
EndProject
Project("{2150E333-8FDC-42A3-9474-1A3956D46DE8}") = "Test", "Test", "{90E4A13B-836A-4B08-943E-C53CF45C6C6D}"
EndProject
Project("{9A19103F-16F7-4668-BE54-9A1E7A4F7556}") = "Slask.Persistence", "Slask.Persistence\Slask.Persistence.csproj", "{5457E045-6273-4894-8E8B-EA822B927279}"
EndProject
Project("{9A19103F-16F7-4668-BE54-9A1E7A4F7556}") = "Slask.Common", "Slask.Common\Slask.Common.csproj", "{AE0FA26D-DB46-47FD-BC4B-259A32262914}"
EndProject
Project("{9A19103F-16F7-4668-BE54-9A1E7A4F7556}") = "Slask.SpecFlow.IntegrationTests", "Test\Slask.SpecFlow.IntegrationTests\Slask.SpecFlow.IntegrationTests.csproj", "{46D868EF-C71C-4210-9BBC-68A521E6DC7B}"
EndProject
Project("{9A19103F-16F7-4668-BE54-9A1E7A4F7556}") = "Slask.TestCore", "Test\Slask.TestCore\Slask.TestCore.csproj", "{E54ADAED-BBE4-4BDC-9A2F-F688625862C1}"
EndProject
Project("{9A19103F-16F7-4668-BE54-9A1E7A4F7556}") = "Slask.Xunit.IntegrationTests", "Test\Slask.Xunit.IntegrationTests\Slask.Xunit.IntegrationTests.csproj", "{0E51CFCC-A9E0-4196-8E38-E22C2FECC0FA}"
EndProject
Project("{9A19103F-16F7-4668-BE54-9A1E7A4F7556}") = "Slask.Xunit.UnitTests", "Test\Slask.Xunit.UnitTests\Slask.Xunit.UnitTests.csproj", "{81AB6D64-EF36-4064-82D7-7AE627C12C1C}"
EndProject
Global
	GlobalSection(SolutionConfigurationPlatforms) = preSolution
		Debug|Any CPU = Debug|Any CPU
		Release|Any CPU = Release|Any CPU
	EndGlobalSection
	GlobalSection(ProjectConfigurationPlatforms) = postSolution
		{7775B8D5-3876-4658-AF85-8B56F67BE02E}.Debug|Any CPU.ActiveCfg = Debug|Any CPU
		{7775B8D5-3876-4658-AF85-8B56F67BE02E}.Debug|Any CPU.Build.0 = Debug|Any CPU
		{7775B8D5-3876-4658-AF85-8B56F67BE02E}.Release|Any CPU.ActiveCfg = Release|Any CPU
		{7775B8D5-3876-4658-AF85-8B56F67BE02E}.Release|Any CPU.Build.0 = Release|Any CPU
		{1539F032-4F1D-4B63-B5BA-036B488808CC}.Debug|Any CPU.ActiveCfg = Debug|Any CPU
		{1539F032-4F1D-4B63-B5BA-036B488808CC}.Debug|Any CPU.Build.0 = Debug|Any CPU
		{1539F032-4F1D-4B63-B5BA-036B488808CC}.Release|Any CPU.ActiveCfg = Release|Any CPU
		{1539F032-4F1D-4B63-B5BA-036B488808CC}.Release|Any CPU.Build.0 = Release|Any CPU
		{75AA3CE2-82F5-4FD3-A259-399BE230E57E}.Debug|Any CPU.ActiveCfg = Debug|Any CPU
		{75AA3CE2-82F5-4FD3-A259-399BE230E57E}.Debug|Any CPU.Build.0 = Debug|Any CPU
		{75AA3CE2-82F5-4FD3-A259-399BE230E57E}.Release|Any CPU.ActiveCfg = Release|Any CPU
		{75AA3CE2-82F5-4FD3-A259-399BE230E57E}.Release|Any CPU.Build.0 = Release|Any CPU
		{5457E045-6273-4894-8E8B-EA822B927279}.Debug|Any CPU.ActiveCfg = Debug|Any CPU
		{5457E045-6273-4894-8E8B-EA822B927279}.Debug|Any CPU.Build.0 = Debug|Any CPU
		{5457E045-6273-4894-8E8B-EA822B927279}.Release|Any CPU.ActiveCfg = Release|Any CPU
		{5457E045-6273-4894-8E8B-EA822B927279}.Release|Any CPU.Build.0 = Release|Any CPU
		{AE0FA26D-DB46-47FD-BC4B-259A32262914}.Debug|Any CPU.ActiveCfg = Debug|Any CPU
		{AE0FA26D-DB46-47FD-BC4B-259A32262914}.Debug|Any CPU.Build.0 = Debug|Any CPU
		{AE0FA26D-DB46-47FD-BC4B-259A32262914}.Release|Any CPU.ActiveCfg = Release|Any CPU
		{AE0FA26D-DB46-47FD-BC4B-259A32262914}.Release|Any CPU.Build.0 = Release|Any CPU
		{46D868EF-C71C-4210-9BBC-68A521E6DC7B}.Debug|Any CPU.ActiveCfg = Debug|Any CPU
		{46D868EF-C71C-4210-9BBC-68A521E6DC7B}.Debug|Any CPU.Build.0 = Debug|Any CPU
		{46D868EF-C71C-4210-9BBC-68A521E6DC7B}.Release|Any CPU.ActiveCfg = Release|Any CPU
		{46D868EF-C71C-4210-9BBC-68A521E6DC7B}.Release|Any CPU.Build.0 = Release|Any CPU
		{E54ADAED-BBE4-4BDC-9A2F-F688625862C1}.Debug|Any CPU.ActiveCfg = Debug|Any CPU
		{E54ADAED-BBE4-4BDC-9A2F-F688625862C1}.Debug|Any CPU.Build.0 = Debug|Any CPU
		{E54ADAED-BBE4-4BDC-9A2F-F688625862C1}.Release|Any CPU.ActiveCfg = Release|Any CPU
		{E54ADAED-BBE4-4BDC-9A2F-F688625862C1}.Release|Any CPU.Build.0 = Release|Any CPU
		{0E51CFCC-A9E0-4196-8E38-E22C2FECC0FA}.Debug|Any CPU.ActiveCfg = Debug|Any CPU
		{0E51CFCC-A9E0-4196-8E38-E22C2FECC0FA}.Debug|Any CPU.Build.0 = Debug|Any CPU
		{0E51CFCC-A9E0-4196-8E38-E22C2FECC0FA}.Release|Any CPU.ActiveCfg = Release|Any CPU
		{0E51CFCC-A9E0-4196-8E38-E22C2FECC0FA}.Release|Any CPU.Build.0 = Release|Any CPU
		{81AB6D64-EF36-4064-82D7-7AE627C12C1C}.Debug|Any CPU.ActiveCfg = Debug|Any CPU
		{81AB6D64-EF36-4064-82D7-7AE627C12C1C}.Debug|Any CPU.Build.0 = Debug|Any CPU
		{81AB6D64-EF36-4064-82D7-7AE627C12C1C}.Release|Any CPU.ActiveCfg = Release|Any CPU
		{81AB6D64-EF36-4064-82D7-7AE627C12C1C}.Release|Any CPU.Build.0 = Release|Any CPU
	EndGlobalSection
	GlobalSection(SolutionProperties) = preSolution
		HideSolutionNode = FALSE
	EndGlobalSection
	GlobalSection(NestedProjects) = preSolution
		{46D868EF-C71C-4210-9BBC-68A521E6DC7B} = {90E4A13B-836A-4B08-943E-C53CF45C6C6D}
		{E54ADAED-BBE4-4BDC-9A2F-F688625862C1} = {90E4A13B-836A-4B08-943E-C53CF45C6C6D}
		{0E51CFCC-A9E0-4196-8E38-E22C2FECC0FA} = {90E4A13B-836A-4B08-943E-C53CF45C6C6D}
		{81AB6D64-EF36-4064-82D7-7AE627C12C1C} = {90E4A13B-836A-4B08-943E-C53CF45C6C6D}
	EndGlobalSection
	GlobalSection(ExtensibilityGlobals) = postSolution
		SolutionGuid = {A4CE8064-6B35-47D4-963D-EDE442BE3BDB}
	EndGlobalSection
EndGlobal
